github.com/gorilla/mux v1.7.3 h1:gnP5JzjVOuiZD07fKKToCAOjS0yOpj/qPETTXCCS6hw=
github.com/gorilla/mux v1.7.3/go.mod h1:1lud6UwP+6orDFRuTfBEV8e9/aOM/c4fVVCaMa2zaAs=
go.mongodb.org/mongo-driver v1.1.0 h1:aeOqSrhl9eDRAap/3T5pCfMBEBxZ0vuXBP+RMtp2KX8=
go.mongodb.org/mongo-driver v1.1.0/go.mod h1:u7ryQJ+DOzQmeO7zB6MHyr8jkEQvC8vH7qLUO4lqsUM=
